// !$*UTF8*$!
{
	archiveVersion = 1;
	classes = {
	};
	objectVersion = 46;
	objects = {

/* Begin PBXBuildFile section */
		9FC3FAD317E8EF1700E61362 /* LA32FloatWaveGenerator.cpp in Sources */ = {isa = PBXBuildFile; fileRef = 9FC3FAD117E8EF1600E61362 /* LA32FloatWaveGenerator.cpp */; };
		9FC3FAD417E8EF1700E61362 /* LA32FloatWaveGenerator.h in Headers */ = {isa = PBXBuildFile; fileRef = 9FC3FAD217E8EF1600E61362 /* LA32FloatWaveGenerator.h */; };
		9FD865FD16EB66AF00352A00 /* BReverbModel.cpp in Sources */ = {isa = PBXBuildFile; fileRef = 9FD865C516EB66AF00352A00 /* BReverbModel.cpp */; };
		9FD865FE16EB66AF00352A00 /* BReverbModel.cpp in Sources */ = {isa = PBXBuildFile; fileRef = 9FD865C516EB66AF00352A00 /* BReverbModel.cpp */; };
		9FD865FF16EB66AF00352A00 /* BReverbModel.h in Headers */ = {isa = PBXBuildFile; fileRef = 9FD865C616EB66AF00352A00 /* BReverbModel.h */; };
		9FD8660016EB66AF00352A00 /* BReverbModel.h in Headers */ = {isa = PBXBuildFile; fileRef = 9FD865C616EB66AF00352A00 /* BReverbModel.h */; };
		9FD8660516EB66AF00352A00 /* File.cpp in Sources */ = {isa = PBXBuildFile; fileRef = 9FD865C916EB66AF00352A00 /* File.cpp */; };
		9FD8660616EB66AF00352A00 /* File.cpp in Sources */ = {isa = PBXBuildFile; fileRef = 9FD865C916EB66AF00352A00 /* File.cpp */; };
		9FD8660716EB66AF00352A00 /* File.h in Headers */ = {isa = PBXBuildFile; fileRef = 9FD865CA16EB66AF00352A00 /* File.h */; };
		9FD8660816EB66AF00352A00 /* File.h in Headers */ = {isa = PBXBuildFile; fileRef = 9FD865CA16EB66AF00352A00 /* File.h */; settings = {ATTRIBUTES = (Public, ); }; };
		9FD8660916EB66AF00352A00 /* FileStream.cpp in Sources */ = {isa = PBXBuildFile; fileRef = 9FD865CB16EB66AF00352A00 /* FileStream.cpp */; };
		9FD8660A16EB66AF00352A00 /* FileStream.cpp in Sources */ = {isa = PBXBuildFile; fileRef = 9FD865CB16EB66AF00352A00 /* FileStream.cpp */; };
		9FD8660B16EB66AF00352A00 /* FileStream.h in Headers */ = {isa = PBXBuildFile; fileRef = 9FD865CC16EB66AF00352A00 /* FileStream.h */; };
		9FD8660C16EB66AF00352A00 /* FileStream.h in Headers */ = {isa = PBXBuildFile; fileRef = 9FD865CC16EB66AF00352A00 /* FileStream.h */; settings = {ATTRIBUTES = (Public, ); }; };
		9FD8662116EB66AF00352A00 /* LA32Ramp.cpp in Sources */ = {isa = PBXBuildFile; fileRef = 9FD865D816EB66AF00352A00 /* LA32Ramp.cpp */; };
		9FD8662216EB66AF00352A00 /* LA32Ramp.cpp in Sources */ = {isa = PBXBuildFile; fileRef = 9FD865D816EB66AF00352A00 /* LA32Ramp.cpp */; };
		9FD8662316EB66AF00352A00 /* LA32Ramp.h in Headers */ = {isa = PBXBuildFile; fileRef = 9FD865D916EB66AF00352A00 /* LA32Ramp.h */; };
		9FD8662416EB66AF00352A00 /* LA32Ramp.h in Headers */ = {isa = PBXBuildFile; fileRef = 9FD865D916EB66AF00352A00 /* LA32Ramp.h */; settings = {ATTRIBUTES = (Public, ); }; };
		9FD8662516EB66AF00352A00 /* LA32WaveGenerator.cpp in Sources */ = {isa = PBXBuildFile; fileRef = 9FD865DA16EB66AF00352A00 /* LA32WaveGenerator.cpp */; };
		9FD8662616EB66AF00352A00 /* LA32WaveGenerator.cpp in Sources */ = {isa = PBXBuildFile; fileRef = 9FD865DA16EB66AF00352A00 /* LA32WaveGenerator.cpp */; };
		9FD8662716EB66AF00352A00 /* LA32WaveGenerator.h in Headers */ = {isa = PBXBuildFile; fileRef = 9FD865DB16EB66AF00352A00 /* LA32WaveGenerator.h */; };
		9FD8662816EB66AF00352A00 /* LA32WaveGenerator.h in Headers */ = {isa = PBXBuildFile; fileRef = 9FD865DB16EB66AF00352A00 /* LA32WaveGenerator.h */; settings = {ATTRIBUTES = (Public, ); }; };
		9FD8662D16EB66AF00352A00 /* mmath.h in Headers */ = {isa = PBXBuildFile; fileRef = 9FD865DE16EB66AF00352A00 /* mmath.h */; };
		9FD8662E16EB66AF00352A00 /* mmath.h in Headers */ = {isa = PBXBuildFile; fileRef = 9FD865DE16EB66AF00352A00 /* mmath.h */; };
		9FD8662F16EB66AF00352A00 /* mt32emu.h in Headers */ = {isa = PBXBuildFile; fileRef = 9FD865DF16EB66AF00352A00 /* mt32emu.h */; };
		9FD8663016EB66AF00352A00 /* mt32emu.h in Headers */ = {isa = PBXBuildFile; fileRef = 9FD865DF16EB66AF00352A00 /* mt32emu.h */; settings = {ATTRIBUTES = (Public, ); }; };
		9FD8663116EB66AF00352A00 /* Part.cpp in Sources */ = {isa = PBXBuildFile; fileRef = 9FD865E016EB66AF00352A00 /* Part.cpp */; };
		9FD8663216EB66AF00352A00 /* Part.cpp in Sources */ = {isa = PBXBuildFile; fileRef = 9FD865E016EB66AF00352A00 /* Part.cpp */; };
		9FD8663316EB66AF00352A00 /* Part.h in Headers */ = {isa = PBXBuildFile; fileRef = 9FD865E116EB66AF00352A00 /* Part.h */; };
		9FD8663416EB66AF00352A00 /* Part.h in Headers */ = {isa = PBXBuildFile; fileRef = 9FD865E116EB66AF00352A00 /* Part.h */; settings = {ATTRIBUTES = (Public, ); }; };
		9FD8663516EB66AF00352A00 /* Partial.cpp in Sources */ = {isa = PBXBuildFile; fileRef = 9FD865E216EB66AF00352A00 /* Partial.cpp */; };
		9FD8663616EB66AF00352A00 /* Partial.cpp in Sources */ = {isa = PBXBuildFile; fileRef = 9FD865E216EB66AF00352A00 /* Partial.cpp */; };
		9FD8663716EB66AF00352A00 /* Partial.h in Headers */ = {isa = PBXBuildFile; fileRef = 9FD865E316EB66AF00352A00 /* Partial.h */; };
		9FD8663816EB66AF00352A00 /* Partial.h in Headers */ = {isa = PBXBuildFile; fileRef = 9FD865E316EB66AF00352A00 /* Partial.h */; settings = {ATTRIBUTES = (Public, ); }; };
		9FD8663916EB66AF00352A00 /* PartialManager.cpp in Sources */ = {isa = PBXBuildFile; fileRef = 9FD865E416EB66AF00352A00 /* PartialManager.cpp */; };
		9FD8663A16EB66AF00352A00 /* PartialManager.cpp in Sources */ = {isa = PBXBuildFile; fileRef = 9FD865E416EB66AF00352A00 /* PartialManager.cpp */; };
		9FD8663B16EB66AF00352A00 /* PartialManager.h in Headers */ = {isa = PBXBuildFile; fileRef = 9FD865E516EB66AF00352A00 /* PartialManager.h */; };
		9FD8663C16EB66AF00352A00 /* PartialManager.h in Headers */ = {isa = PBXBuildFile; fileRef = 9FD865E516EB66AF00352A00 /* PartialManager.h */; };
		9FD8663D16EB66AF00352A00 /* Poly.cpp in Sources */ = {isa = PBXBuildFile; fileRef = 9FD865E616EB66AF00352A00 /* Poly.cpp */; };
		9FD8663E16EB66AF00352A00 /* Poly.cpp in Sources */ = {isa = PBXBuildFile; fileRef = 9FD865E616EB66AF00352A00 /* Poly.cpp */; };
		9FD8663F16EB66AF00352A00 /* Poly.h in Headers */ = {isa = PBXBuildFile; fileRef = 9FD865E716EB66AF00352A00 /* Poly.h */; };
		9FD8664016EB66AF00352A00 /* Poly.h in Headers */ = {isa = PBXBuildFile; fileRef = 9FD865E716EB66AF00352A00 /* Poly.h */; settings = {ATTRIBUTES = (Public, ); }; };
		9FD8664116EB66AF00352A00 /* ROMInfo.cpp in Sources */ = {isa = PBXBuildFile; fileRef = 9FD865E816EB66AF00352A00 /* ROMInfo.cpp */; };
		9FD8664216EB66AF00352A00 /* ROMInfo.cpp in Sources */ = {isa = PBXBuildFile; fileRef = 9FD865E816EB66AF00352A00 /* ROMInfo.cpp */; };
		9FD8664316EB66AF00352A00 /* ROMInfo.h in Headers */ = {isa = PBXBuildFile; fileRef = 9FD865E916EB66AF00352A00 /* ROMInfo.h */; };
		9FD8664416EB66AF00352A00 /* ROMInfo.h in Headers */ = {isa = PBXBuildFile; fileRef = 9FD865E916EB66AF00352A00 /* ROMInfo.h */; settings = {ATTRIBUTES = (Public, ); }; };
		9FD8664516EB66AF00352A00 /* license.txt in Resources */ = {isa = PBXBuildFile; fileRef = 9FD865EB16EB66AF00352A00 /* license.txt */; };
		9FD8664616EB66AF00352A00 /* sha1.cpp in Sources */ = {isa = PBXBuildFile; fileRef = 9FD865EC16EB66AF00352A00 /* sha1.cpp */; };
		9FD8664716EB66AF00352A00 /* sha1.cpp in Sources */ = {isa = PBXBuildFile; fileRef = 9FD865EC16EB66AF00352A00 /* sha1.cpp */; };
		9FD8664816EB66AF00352A00 /* sha1.h in Headers */ = {isa = PBXBuildFile; fileRef = 9FD865ED16EB66AF00352A00 /* sha1.h */; };
		9FD8664916EB66AF00352A00 /* sha1.h in Headers */ = {isa = PBXBuildFile; fileRef = 9FD865ED16EB66AF00352A00 /* sha1.h */; };
		9FD8664A16EB66AF00352A00 /* Structures.h in Headers */ = {isa = PBXBuildFile; fileRef = 9FD865EE16EB66AF00352A00 /* Structures.h */; };
		9FD8664B16EB66AF00352A00 /* Structures.h in Headers */ = {isa = PBXBuildFile; fileRef = 9FD865EE16EB66AF00352A00 /* Structures.h */; settings = {ATTRIBUTES = (Public, ); }; };
		9FD8664C16EB66AF00352A00 /* Synth.cpp in Sources */ = {isa = PBXBuildFile; fileRef = 9FD865EF16EB66AF00352A00 /* Synth.cpp */; };
		9FD8664D16EB66AF00352A00 /* Synth.cpp in Sources */ = {isa = PBXBuildFile; fileRef = 9FD865EF16EB66AF00352A00 /* Synth.cpp */; };
		9FD8664E16EB66AF00352A00 /* Synth.h in Headers */ = {isa = PBXBuildFile; fileRef = 9FD865F016EB66AF00352A00 /* Synth.h */; };
		9FD8664F16EB66AF00352A00 /* Synth.h in Headers */ = {isa = PBXBuildFile; fileRef = 9FD865F016EB66AF00352A00 /* Synth.h */; settings = {ATTRIBUTES = (Public, ); }; };
		9FD8665016EB66AF00352A00 /* Tables.cpp in Sources */ = {isa = PBXBuildFile; fileRef = 9FD865F116EB66AF00352A00 /* Tables.cpp */; };
		9FD8665116EB66AF00352A00 /* Tables.cpp in Sources */ = {isa = PBXBuildFile; fileRef = 9FD865F116EB66AF00352A00 /* Tables.cpp */; };
		9FD8665216EB66AF00352A00 /* Tables.h in Headers */ = {isa = PBXBuildFile; fileRef = 9FD865F216EB66AF00352A00 /* Tables.h */; };
		9FD8665316EB66AF00352A00 /* Tables.h in Headers */ = {isa = PBXBuildFile; fileRef = 9FD865F216EB66AF00352A00 /* Tables.h */; settings = {ATTRIBUTES = (Public, ); }; };
		9FD8665416EB66AF00352A00 /* TVA.cpp in Sources */ = {isa = PBXBuildFile; fileRef = 9FD865F316EB66AF00352A00 /* TVA.cpp */; };
		9FD8665516EB66AF00352A00 /* TVA.cpp in Sources */ = {isa = PBXBuildFile; fileRef = 9FD865F316EB66AF00352A00 /* TVA.cpp */; };
		9FD8665616EB66AF00352A00 /* TVA.h in Headers */ = {isa = PBXBuildFile; fileRef = 9FD865F416EB66AF00352A00 /* TVA.h */; };
		9FD8665716EB66AF00352A00 /* TVA.h in Headers */ = {isa = PBXBuildFile; fileRef = 9FD865F416EB66AF00352A00 /* TVA.h */; settings = {ATTRIBUTES = (Public, ); }; };
		9FD8665816EB66AF00352A00 /* TVF.cpp in Sources */ = {isa = PBXBuildFile; fileRef = 9FD865F516EB66AF00352A00 /* TVF.cpp */; };
		9FD8665916EB66AF00352A00 /* TVF.cpp in Sources */ = {isa = PBXBuildFile; fileRef = 9FD865F516EB66AF00352A00 /* TVF.cpp */; };
		9FD8665A16EB66AF00352A00 /* TVF.h in Headers */ = {isa = PBXBuildFile; fileRef = 9FD865F616EB66AF00352A00 /* TVF.h */; };
		9FD8665B16EB66AF00352A00 /* TVF.h in Headers */ = {isa = PBXBuildFile; fileRef = 9FD865F616EB66AF00352A00 /* TVF.h */; settings = {ATTRIBUTES = (Public, ); }; };
		9FD8665C16EB66AF00352A00 /* TVP.cpp in Sources */ = {isa = PBXBuildFile; fileRef = 9FD865F716EB66AF00352A00 /* TVP.cpp */; };
		9FD8665D16EB66AF00352A00 /* TVP.cpp in Sources */ = {isa = PBXBuildFile; fileRef = 9FD865F716EB66AF00352A00 /* TVP.cpp */; };
		9FD8665E16EB66AF00352A00 /* TVP.h in Headers */ = {isa = PBXBuildFile; fileRef = 9FD865F816EB66AF00352A00 /* TVP.h */; };
		9FD8665F16EB66AF00352A00 /* TVP.h in Headers */ = {isa = PBXBuildFile; fileRef = 9FD865F816EB66AF00352A00 /* TVP.h */; settings = {ATTRIBUTES = (Public, ); }; };
/* End PBXBuildFile section */

/* Begin PBXFileReference section */
		9F41EE22142B585B0029CA47 /* MT32Emu.framework */ = {isa = PBXFileReference; explicitFileType = wrapper.framework; includeInIndex = 0; path = MT32Emu.framework; sourceTree = BUILT_PRODUCTS_DIR; };
		9F41EE23142B585B0029CA47 /* Info.plist */ = {isa = PBXFileReference; lastKnownFileType = text.plist.xml; path = Info.plist; sourceTree = "<group>"; };
		9F8B8B0A142B57830077B6F2 /* libmt32emu.a */ = {isa = PBXFileReference; explicitFileType = archive.ar; includeInIndex = 0; path = libmt32emu.a; sourceTree = BUILT_PRODUCTS_DIR; };
		9FC3FAD117E8EF1600E61362 /* LA32FloatWaveGenerator.cpp */ = {isa = PBXFileReference; fileEncoding = 4; lastKnownFileType = sourcecode.cpp.cpp; path = LA32FloatWaveGenerator.cpp; sourceTree = "<group>"; };
		9FC3FAD217E8EF1600E61362 /* LA32FloatWaveGenerator.h */ = {isa = PBXFileReference; fileEncoding = 4; lastKnownFileType = sourcecode.c.h; path = LA32FloatWaveGenerator.h; sourceTree = "<group>"; };
		9FD865C516EB66AF00352A00 /* BReverbModel.cpp */ = {isa = PBXFileReference; fileEncoding = 4; lastKnownFileType = sourcecode.cpp.cpp; path = BReverbModel.cpp; sourceTree = "<group>"; };
		9FD865C616EB66AF00352A00 /* BReverbModel.h */ = {isa = PBXFileReference; fileEncoding = 4; lastKnownFileType = sourcecode.c.h; path = BReverbModel.h; sourceTree = "<group>"; };
		9FD865C916EB66AF00352A00 /* File.cpp */ = {isa = PBXFileReference; fileEncoding = 4; lastKnownFileType = sourcecode.cpp.cpp; path = File.cpp; sourceTree = "<group>"; };
		9FD865CA16EB66AF00352A00 /* File.h */ = {isa = PBXFileReference; fileEncoding = 4; lastKnownFileType = sourcecode.c.h; path = File.h; sourceTree = "<group>"; };
		9FD865CB16EB66AF00352A00 /* FileStream.cpp */ = {isa = PBXFileReference; fileEncoding = 4; lastKnownFileType = sourcecode.cpp.cpp; path = FileStream.cpp; sourceTree = "<group>"; };
		9FD865CC16EB66AF00352A00 /* FileStream.h */ = {isa = PBXFileReference; fileEncoding = 4; lastKnownFileType = sourcecode.c.h; path = FileStream.h; sourceTree = "<group>"; };
		9FD865D816EB66AF00352A00 /* LA32Ramp.cpp */ = {isa = PBXFileReference; fileEncoding = 4; lastKnownFileType = sourcecode.cpp.cpp; path = LA32Ramp.cpp; sourceTree = "<group>"; };
		9FD865D916EB66AF00352A00 /* LA32Ramp.h */ = {isa = PBXFileReference; fileEncoding = 4; lastKnownFileType = sourcecode.c.h; path = LA32Ramp.h; sourceTree = "<group>"; };
		9FD865DA16EB66AF00352A00 /* LA32WaveGenerator.cpp */ = {isa = PBXFileReference; fileEncoding = 4; lastKnownFileType = sourcecode.cpp.cpp; path = LA32WaveGenerator.cpp; sourceTree = "<group>"; };
		9FD865DB16EB66AF00352A00 /* LA32WaveGenerator.h */ = {isa = PBXFileReference; fileEncoding = 4; lastKnownFileType = sourcecode.c.h; path = LA32WaveGenerator.h; sourceTree = "<group>"; };
		9FD865DE16EB66AF00352A00 /* mmath.h */ = {isa = PBXFileReference; fileEncoding = 4; lastKnownFileType = sourcecode.c.h; path = mmath.h; sourceTree = "<group>"; };
		9FD865DF16EB66AF00352A00 /* mt32emu.h */ = {isa = PBXFileReference; fileEncoding = 4; lastKnownFileType = sourcecode.c.h; path = mt32emu.h; sourceTree = "<group>"; };
		9FD865E016EB66AF00352A00 /* Part.cpp */ = {isa = PBXFileReference; fileEncoding = 4; lastKnownFileType = sourcecode.cpp.cpp; path = Part.cpp; sourceTree = "<group>"; };
		9FD865E116EB66AF00352A00 /* Part.h */ = {isa = PBXFileReference; fileEncoding = 4; lastKnownFileType = sourcecode.c.h; path = Part.h; sourceTree = "<group>"; };
		9FD865E216EB66AF00352A00 /* Partial.cpp */ = {isa = PBXFileReference; fileEncoding = 4; lastKnownFileType = sourcecode.cpp.cpp; path = Partial.cpp; sourceTree = "<group>"; };
		9FD865E316EB66AF00352A00 /* Partial.h */ = {isa = PBXFileReference; fileEncoding = 4; lastKnownFileType = sourcecode.c.h; path = Partial.h; sourceTree = "<group>"; };
		9FD865E416EB66AF00352A00 /* PartialManager.cpp */ = {isa = PBXFileReference; fileEncoding = 4; lastKnownFileType = sourcecode.cpp.cpp; path = PartialManager.cpp; sourceTree = "<group>"; };
		9FD865E516EB66AF00352A00 /* PartialManager.h */ = {isa = PBXFileReference; fileEncoding = 4; lastKnownFileType = sourcecode.c.h; path = PartialManager.h; sourceTree = "<group>"; };
		9FD865E616EB66AF00352A00 /* Poly.cpp */ = {isa = PBXFileReference; fileEncoding = 4; lastKnownFileType = sourcecode.cpp.cpp; path = Poly.cpp; sourceTree = "<group>"; };
		9FD865E716EB66AF00352A00 /* Poly.h */ = {isa = PBXFileReference; fileEncoding = 4; lastKnownFileType = sourcecode.c.h; path = Poly.h; sourceTree = "<group>"; };
		9FD865E816EB66AF00352A00 /* ROMInfo.cpp */ = {isa = PBXFileReference; fileEncoding = 4; lastKnownFileType = sourcecode.cpp.cpp; path = ROMInfo.cpp; sourceTree = "<group>"; };
		9FD865E916EB66AF00352A00 /* ROMInfo.h */ = {isa = PBXFileReference; fileEncoding = 4; lastKnownFileType = sourcecode.c.h; path = ROMInfo.h; sourceTree = "<group>"; };
		9FD865EB16EB66AF00352A00 /* license.txt */ = {isa = PBXFileReference; fileEncoding = 4; lastKnownFileType = text; path = license.txt; sourceTree = "<group>"; };
		9FD865EC16EB66AF00352A00 /* sha1.cpp */ = {isa = PBXFileReference; fileEncoding = 4; lastKnownFileType = sourcecode.cpp.cpp; path = sha1.cpp; sourceTree = "<group>"; };
		9FD865ED16EB66AF00352A00 /* sha1.h */ = {isa = PBXFileReference; fileEncoding = 4; lastKnownFileType = sourcecode.c.h; path = sha1.h; sourceTree = "<group>"; };
		9FD865EE16EB66AF00352A00 /* Structures.h */ = {isa = PBXFileReference; fileEncoding = 4; lastKnownFileType = sourcecode.c.h; path = Structures.h; sourceTree = "<group>"; };
		9FD865EF16EB66AF00352A00 /* Synth.cpp */ = {isa = PBXFileReference; fileEncoding = 4; lastKnownFileType = sourcecode.cpp.cpp; path = Synth.cpp; sourceTree = "<group>"; };
		9FD865F016EB66AF00352A00 /* Synth.h */ = {isa = PBXFileReference; fileEncoding = 4; lastKnownFileType = sourcecode.c.h; path = Synth.h; sourceTree = "<group>"; };
		9FD865F116EB66AF00352A00 /* Tables.cpp */ = {isa = PBXFileReference; fileEncoding = 4; lastKnownFileType = sourcecode.cpp.cpp; path = Tables.cpp; sourceTree = "<group>"; };
		9FD865F216EB66AF00352A00 /* Tables.h */ = {isa = PBXFileReference; fileEncoding = 4; lastKnownFileType = sourcecode.c.h; path = Tables.h; sourceTree = "<group>"; };
		9FD865F316EB66AF00352A00 /* TVA.cpp */ = {isa = PBXFileReference; fileEncoding = 4; lastKnownFileType = sourcecode.cpp.cpp; path = TVA.cpp; sourceTree = "<group>"; };
		9FD865F416EB66AF00352A00 /* TVA.h */ = {isa = PBXFileReference; fileEncoding = 4; lastKnownFileType = sourcecode.c.h; path = TVA.h; sourceTree = "<group>"; };
		9FD865F516EB66AF00352A00 /* TVF.cpp */ = {isa = PBXFileReference; fileEncoding = 4; lastKnownFileType = sourcecode.cpp.cpp; path = TVF.cpp; sourceTree = "<group>"; };
		9FD865F616EB66AF00352A00 /* TVF.h */ = {isa = PBXFileReference; fileEncoding = 4; lastKnownFileType = sourcecode.c.h; path = TVF.h; sourceTree = "<group>"; };
		9FD865F716EB66AF00352A00 /* TVP.cpp */ = {isa = PBXFileReference; fileEncoding = 4; lastKnownFileType = sourcecode.cpp.cpp; path = TVP.cpp; sourceTree = "<group>"; };
		9FD865F816EB66AF00352A00 /* TVP.h */ = {isa = PBXFileReference; fileEncoding = 4; lastKnownFileType = sourcecode.c.h; path = TVP.h; sourceTree = "<group>"; };
/* End PBXFileReference section */

/* Begin PBXFrameworksBuildPhase section */
		9F8B8B07142B57830077B6F2 /* Frameworks */ = {
			isa = PBXFrameworksBuildPhase;
			buildActionMask = 2147483647;
			files = (
			);
			runOnlyForDeploymentPostprocessing = 0;
		};
/* End PBXFrameworksBuildPhase section */

/* Begin PBXGroup section */
		9F8B8732142B53030077B6F2 = {
			isa = PBXGroup;
			children = (
				9F8B874E142B542B0077B6F2 /* munt */,
				9F8B873E142B53030077B6F2 /* Products */,
				9F41EE23142B585B0029CA47 /* Info.plist */,
			);
			sourceTree = "<group>";
		};
		9F8B873E142B53030077B6F2 /* Products */ = {
			isa = PBXGroup;
			children = (
				9F8B8B0A142B57830077B6F2 /* libmt32emu.a */,
				9F41EE22142B585B0029CA47 /* MT32Emu.framework */,
			);
			name = Products;
			sourceTree = "<group>";
		};
		9F8B874E142B542B0077B6F2 /* munt */ = {
			isa = PBXGroup;
			children = (
				9F8B877C142B542B0077B6F2 /* mt32emu */,
			);
			path = munt;
			sourceTree = "<group>";
		};
		9F8B877C142B542B0077B6F2 /* mt32emu */ = {
			isa = PBXGroup;
			children = (
				9FD865C216EB66AF00352A00 /* src */,
			);
			path = mt32emu;
			sourceTree = "<group>";
		};
		9FD865C216EB66AF00352A00 /* src */ = {
			isa = PBXGroup;
			children = (
				9FC3FAD217E8EF1600E61362 /* LA32FloatWaveGenerator.h */,
				9FD865C516EB66AF00352A00 /* BReverbModel.cpp */,
				9FD865C616EB66AF00352A00 /* BReverbModel.h */,
				9FD865C916EB66AF00352A00 /* File.cpp */,
				9FD865CA16EB66AF00352A00 /* File.h */,
				9FD865CB16EB66AF00352A00 /* FileStream.cpp */,
				9FD865CC16EB66AF00352A00 /* FileStream.h */,
				9FD865D816EB66AF00352A00 /* LA32Ramp.cpp */,
				9FD865D916EB66AF00352A00 /* LA32Ramp.h */,
				9FD865DA16EB66AF00352A00 /* LA32WaveGenerator.cpp */,
				9FD865DB16EB66AF00352A00 /* LA32WaveGenerator.h */,
				9FC3FAD117E8EF1600E61362 /* LA32FloatWaveGenerator.cpp */,
				9FD865DE16EB66AF00352A00 /* mmath.h */,
				9FD865DF16EB66AF00352A00 /* mt32emu.h */,
				9FD865E016EB66AF00352A00 /* Part.cpp */,
				9FD865E116EB66AF00352A00 /* Part.h */,
				9FD865E216EB66AF00352A00 /* Partial.cpp */,
				9FD865E316EB66AF00352A00 /* Partial.h */,
				9FD865E416EB66AF00352A00 /* PartialManager.cpp */,
				9FD865E516EB66AF00352A00 /* PartialManager.h */,
				9FD865E616EB66AF00352A00 /* Poly.cpp */,
				9FD865E716EB66AF00352A00 /* Poly.h */,
				9FD865E816EB66AF00352A00 /* ROMInfo.cpp */,
				9FD865E916EB66AF00352A00 /* ROMInfo.h */,
				9FD865EA16EB66AF00352A00 /* sha1 */,
				9FD865EE16EB66AF00352A00 /* Structures.h */,
				9FD865EF16EB66AF00352A00 /* Synth.cpp */,
				9FD865F016EB66AF00352A00 /* Synth.h */,
				9FD865F116EB66AF00352A00 /* Tables.cpp */,
				9FD865F216EB66AF00352A00 /* Tables.h */,
				9FD865F316EB66AF00352A00 /* TVA.cpp */,
				9FD865F416EB66AF00352A00 /* TVA.h */,
				9FD865F516EB66AF00352A00 /* TVF.cpp */,
				9FD865F616EB66AF00352A00 /* TVF.h */,
				9FD865F716EB66AF00352A00 /* TVP.cpp */,
				9FD865F816EB66AF00352A00 /* TVP.h */,
			);
			path = src;
			sourceTree = "<group>";
		};
		9FD865EA16EB66AF00352A00 /* sha1 */ = {
			isa = PBXGroup;
			children = (
				9FD865EB16EB66AF00352A00 /* license.txt */,
				9FD865EC16EB66AF00352A00 /* sha1.cpp */,
				9FD865ED16EB66AF00352A00 /* sha1.h */,
			);
			path = sha1;
			sourceTree = "<group>";
		};
/* End PBXGroup section */

/* Begin PBXHeadersBuildPhase section */
		9F41EE1D142B585B0029CA47 /* Headers */ = {
			isa = PBXHeadersBuildPhase;
			buildActionMask = 2147483647;
			files = (
				9FD8663016EB66AF00352A00 /* mt32emu.h in Headers */,
				9FD8664B16EB66AF00352A00 /* Structures.h in Headers */,
				9FD8660816EB66AF00352A00 /* File.h in Headers */,
				9FD8660C16EB66AF00352A00 /* FileStream.h in Headers */,
				9FD8665316EB66AF00352A00 /* Tables.h in Headers */,
				9FD8664016EB66AF00352A00 /* Poly.h in Headers */,
				9FD8662416EB66AF00352A00 /* LA32Ramp.h in Headers */,
				9FD8662816EB66AF00352A00 /* LA32WaveGenerator.h in Headers */,
				9FD8665716EB66AF00352A00 /* TVA.h in Headers */,
				9FD8665B16EB66AF00352A00 /* TVF.h in Headers */,
				9FD8665F16EB66AF00352A00 /* TVP.h in Headers */,
				9FD8663816EB66AF00352A00 /* Partial.h in Headers */,
				9FD8663416EB66AF00352A00 /* Part.h in Headers */,
				9FD8664416EB66AF00352A00 /* ROMInfo.h in Headers */,
				9FD8664F16EB66AF00352A00 /* Synth.h in Headers */,
				9FD8660016EB66AF00352A00 /* BReverbModel.h in Headers */,
				9FD8662E16EB66AF00352A00 /* mmath.h in Headers */,
				9FD8663C16EB66AF00352A00 /* PartialManager.h in Headers */,
				9FD8664916EB66AF00352A00 /* sha1.h in Headers */,
			);
			runOnlyForDeploymentPostprocessing = 0;
		};
		9F8B8B08142B57830077B6F2 /* Headers */ = {
			isa = PBXHeadersBuildPhase;
			buildActionMask = 2147483647;
			files = (
				9FD865FF16EB66AF00352A00 /* BReverbModel.h in Headers */,
				9FD8660716EB66AF00352A00 /* File.h in Headers */,
				9FD8660B16EB66AF00352A00 /* FileStream.h in Headers */,
				9FD8662316EB66AF00352A00 /* LA32Ramp.h in Headers */,
				9FD8662716EB66AF00352A00 /* LA32WaveGenerator.h in Headers */,
				9FD8662D16EB66AF00352A00 /* mmath.h in Headers */,
				9FD8662F16EB66AF00352A00 /* mt32emu.h in Headers */,
				9FD8663316EB66AF00352A00 /* Part.h in Headers */,
				9FD8663716EB66AF00352A00 /* Partial.h in Headers */,
				9FD8663B16EB66AF00352A00 /* PartialManager.h in Headers */,
				9FD8663F16EB66AF00352A00 /* Poly.h in Headers */,
				9FD8664316EB66AF00352A00 /* ROMInfo.h in Headers */,
				9FD8664816EB66AF00352A00 /* sha1.h in Headers */,
				9FD8664A16EB66AF00352A00 /* Structures.h in Headers */,
				9FD8664E16EB66AF00352A00 /* Synth.h in Headers */,
				9FD8665216EB66AF00352A00 /* Tables.h in Headers */,
				9FD8665616EB66AF00352A00 /* TVA.h in Headers */,
				9FD8665A16EB66AF00352A00 /* TVF.h in Headers */,
				9FD8665E16EB66AF00352A00 /* TVP.h in Headers */,
				9FC3FAD417E8EF1700E61362 /* LA32FloatWaveGenerator.h in Headers */,
			);
			runOnlyForDeploymentPostprocessing = 0;
		};
/* End PBXHeadersBuildPhase section */

/* Begin PBXNativeTarget section */
		9F41EE21142B585B0029CA47 /* Framework */ = {
			isa = PBXNativeTarget;
			buildConfigurationList = 9F41EE26142B585B0029CA47 /* Build configuration list for PBXNativeTarget "Framework" */;
			buildPhases = (
				9F41EE1D142B585B0029CA47 /* Headers */,
				9F41EE1E142B585B0029CA47 /* Resources */,
				9F41EE1F142B585B0029CA47 /* Sources */,
			);
			buildRules = (
			);
			dependencies = (
			);
			name = Framework;
			productName = Munt;
			productReference = 9F41EE22142B585B0029CA47 /* MT32Emu.framework */;
			productType = "com.apple.product-type.framework";
		};
		9F8B8B09142B57830077B6F2 /* Static Library */ = {
			isa = PBXNativeTarget;
			buildConfigurationList = 9F8B8B17142B57830077B6F2 /* Build configuration list for PBXNativeTarget "Static Library" */;
			buildPhases = (
				9F8B8B06142B57830077B6F2 /* Sources */,
				9F8B8B07142B57830077B6F2 /* Frameworks */,
				9F8B8B08142B57830077B6F2 /* Headers */,
			);
			buildRules = (
			);
			dependencies = (
			);
			name = "Static Library";
			productName = munt;
			productReference = 9F8B8B0A142B57830077B6F2 /* libmt32emu.a */;
			productType = "com.apple.product-type.library.static";
		};
/* End PBXNativeTarget section */

/* Begin PBXProject section */
		9F8B8734142B53030077B6F2 /* Project object */ = {
			isa = PBXProject;
			attributes = {
				LastUpgradeCheck = 0610;
				ORGANIZATIONNAME = 40watt;
			};
			buildConfigurationList = 9F8B8737142B53030077B6F2 /* Build configuration list for PBXProject "Boxer-MT32Emu" */;
			compatibilityVersion = "Xcode 3.2";
			developmentRegion = English;
			hasScannedForEncodings = 0;
			knownRegions = (
				en,
			);
			mainGroup = 9F8B8732142B53030077B6F2;
			productRefGroup = 9F8B873E142B53030077B6F2 /* Products */;
			projectDirPath = "";
			projectRoot = "";
			targets = (
				9F8B8B09142B57830077B6F2 /* Static Library */,
				9F41EE21142B585B0029CA47 /* Framework */,
			);
		};
/* End PBXProject section */

/* Begin PBXResourcesBuildPhase section */
		9F41EE1E142B585B0029CA47 /* Resources */ = {
			isa = PBXResourcesBuildPhase;
			buildActionMask = 2147483647;
			files = (
				9FD8664516EB66AF00352A00 /* license.txt in Resources */,
			);
			runOnlyForDeploymentPostprocessing = 0;
		};
/* End PBXResourcesBuildPhase section */

/* Begin PBXSourcesBuildPhase section */
		9F41EE1F142B585B0029CA47 /* Sources */ = {
			isa = PBXSourcesBuildPhase;
			buildActionMask = 2147483647;
			files = (
				9FD865FE16EB66AF00352A00 /* BReverbModel.cpp in Sources */,
				9FD8660616EB66AF00352A00 /* File.cpp in Sources */,
				9FD8660A16EB66AF00352A00 /* FileStream.cpp in Sources */,
				9FD8662216EB66AF00352A00 /* LA32Ramp.cpp in Sources */,
				9FD8662616EB66AF00352A00 /* LA32WaveGenerator.cpp in Sources */,
				9FD8663216EB66AF00352A00 /* Part.cpp in Sources */,
				9FD8663616EB66AF00352A00 /* Partial.cpp in Sources */,
				9FD8663A16EB66AF00352A00 /* PartialManager.cpp in Sources */,
				9FD8663E16EB66AF00352A00 /* Poly.cpp in Sources */,
				9FD8664216EB66AF00352A00 /* ROMInfo.cpp in Sources */,
				9FD8664716EB66AF00352A00 /* sha1.cpp in Sources */,
				9FD8664D16EB66AF00352A00 /* Synth.cpp in Sources */,
				9FD8665116EB66AF00352A00 /* Tables.cpp in Sources */,
				9FD8665516EB66AF00352A00 /* TVA.cpp in Sources */,
				9FD8665916EB66AF00352A00 /* TVF.cpp in Sources */,
				9FD8665D16EB66AF00352A00 /* TVP.cpp in Sources */,
			);
			runOnlyForDeploymentPostprocessing = 0;
		};
		9F8B8B06142B57830077B6F2 /* Sources */ = {
			isa = PBXSourcesBuildPhase;
			buildActionMask = 2147483647;
			files = (
				9FD865FD16EB66AF00352A00 /* BReverbModel.cpp in Sources */,
				9FD8660516EB66AF00352A00 /* File.cpp in Sources */,
				9FD8660916EB66AF00352A00 /* FileStream.cpp in Sources */,
				9FD8662116EB66AF00352A00 /* LA32Ramp.cpp in Sources */,
				9FD8662516EB66AF00352A00 /* LA32WaveGenerator.cpp in Sources */,
				9FD8663116EB66AF00352A00 /* Part.cpp in Sources */,
				9FD8663516EB66AF00352A00 /* Partial.cpp in Sources */,
				9FD8663916EB66AF00352A00 /* PartialManager.cpp in Sources */,
				9FD8663D16EB66AF00352A00 /* Poly.cpp in Sources */,
				9FD8664116EB66AF00352A00 /* ROMInfo.cpp in Sources */,
				9FD8664616EB66AF00352A00 /* sha1.cpp in Sources */,
				9FD8664C16EB66AF00352A00 /* Synth.cpp in Sources */,
				9FD8665016EB66AF00352A00 /* Tables.cpp in Sources */,
				9FD8665416EB66AF00352A00 /* TVA.cpp in Sources */,
				9FD8665816EB66AF00352A00 /* TVF.cpp in Sources */,
				9FD8665C16EB66AF00352A00 /* TVP.cpp in Sources */,
				9FC3FAD317E8EF1700E61362 /* LA32FloatWaveGenerator.cpp in Sources */,
			);
			runOnlyForDeploymentPostprocessing = 0;
		};
/* End PBXSourcesBuildPhase section */

/* Begin XCBuildConfiguration section */
		9F2E1C55145EAFA90012B207 /* Legacy Release */ = {
			isa = XCBuildConfiguration;
			buildSettings = {
				ARCHS = (
					i386,
					x86_64,
					ppc,
				);
				GCC_C_LANGUAGE_STANDARD = gnu99;
				GCC_VERSION = com.apple.compilers.llvmgcc42;
				GCC_WARN_ABOUT_RETURN_TYPE = YES;
				MACOSX_DEPLOYMENT_TARGET = 10.6;
				SDKROOT = macosx;
				VALID_ARCHS = "i386 x86_64 ppc";
			};
			name = "Legacy Release";
		};
		9F2E1C56145EAFA90012B207 /* Legacy Release */ = {
			isa = XCBuildConfiguration;
			buildSettings = {
				ALWAYS_SEARCH_USER_PATHS = NO;
				ARCHS = "$(ARCHS_STANDARD_32_64_BIT)";
				COPY_PHASE_STRIP = YES;
				DEBUG_INFORMATION_FORMAT = "dwarf-with-dsym";
				GCC_ENABLE_OBJC_EXCEPTIONS = YES;
				GCC_VERSION = com.apple.compilers.llvm.clang.1_0;
				PRODUCT_NAME = mt32emu;
				SDKROOT = macosx;
			};
			name = "Legacy Release";
		};
		9F2E1C57145EAFA90012B207 /* Legacy Release */ = {
			isa = XCBuildConfiguration;
			buildSettings = {
				ALWAYS_SEARCH_USER_PATHS = NO;
				COPY_PHASE_STRIP = YES;
				DEBUG_INFORMATION_FORMAT = "dwarf-with-dsym";
				DYLIB_COMPATIBILITY_VERSION = 1;
				DYLIB_CURRENT_VERSION = 1;
				FRAMEWORK_VERSION = A;
				GCC_MODEL_TUNING = G5;
				GCC_VERSION = com.apple.compilers.llvm.clang.1_0;
				INFOPLIST_FILE = Info.plist;
				INSTALL_PATH = "@executable_path/../Frameworks";
				OTHER_LDFLAGS = (
					"-framework",
					Foundation,
					"-framework",
					AppKit,
				);
				PRODUCT_NAME = MT32Emu;
				ZERO_LINK = NO;
			};
			name = "Legacy Release";
		};
		9F41EE24142B585B0029CA47 /* Debug */ = {
			isa = XCBuildConfiguration;
			buildSettings = {
				ALWAYS_SEARCH_USER_PATHS = NO;
				COPY_PHASE_STRIP = NO;
				DYLIB_COMPATIBILITY_VERSION = 1;
				DYLIB_CURRENT_VERSION = 1;
				FRAMEWORK_VERSION = A;
				GCC_MODEL_TUNING = G5;
				GCC_VERSION = com.apple.compilers.llvm.clang.1_0;
				INFOPLIST_FILE = Info.plist;
				INSTALL_PATH = "@executable_path/../Frameworks";
				OTHER_LDFLAGS = (
					"-framework",
					Foundation,
					"-framework",
					AppKit,
				);
				PRODUCT_NAME = MT32Emu;
			};
			name = Debug;
		};
		9F41EE25142B585B0029CA47 /* Release */ = {
			isa = XCBuildConfiguration;
			buildSettings = {
				ALWAYS_SEARCH_USER_PATHS = NO;
				COPY_PHASE_STRIP = YES;
				DEBUG_INFORMATION_FORMAT = "dwarf-with-dsym";
				DYLIB_COMPATIBILITY_VERSION = 1;
				DYLIB_CURRENT_VERSION = 1;
				FRAMEWORK_VERSION = A;
				GCC_MODEL_TUNING = G5;
				GCC_VERSION = com.apple.compilers.llvm.clang.1_0;
				INFOPLIST_FILE = Info.plist;
				INSTALL_PATH = "@executable_path/../Frameworks";
				OTHER_LDFLAGS = (
					"-framework",
					Foundation,
					"-framework",
					AppKit,
				);
				PRODUCT_NAME = MT32Emu;
				ZERO_LINK = NO;
			};
			name = Release;
		};
		9F8B8749142B53030077B6F2 /* Debug */ = {
			isa = XCBuildConfiguration;
			buildSettings = {
				ARCHS = "$(ARCHS_STANDARD_32_64_BIT)";
				GCC_C_LANGUAGE_STANDARD = gnu99;
				GCC_PREPROCESSOR_DEFINITIONS = DEBUG;
				GCC_WARN_ABOUT_RETURN_TYPE = YES;
				MACOSX_DEPLOYMENT_TARGET = 10.6;
				ONLY_ACTIVE_ARCH = YES;
				SDKROOT = macosx;
				VALID_ARCHS = "i386 x86_64";
			};
			name = Debug;
		};
		9F8B874A142B53030077B6F2 /* Release */ = {
			isa = XCBuildConfiguration;
			buildSettings = {
				ARCHS = "$(ARCHS_STANDARD_32_BIT)";
				GCC_C_LANGUAGE_STANDARD = gnu99;
				GCC_WARN_ABOUT_RETURN_TYPE = YES;
				MACOSX_DEPLOYMENT_TARGET = 10.6;
				SDKROOT = macosx;
				VALID_ARCHS = "i386 x86_64";
			};
			name = Release;
		};
		9F8B8B15142B57830077B6F2 /* Debug */ = {
			isa = XCBuildConfiguration;
			buildSettings = {
				ALWAYS_SEARCH_USER_PATHS = NO;
				ARCHS = "$(ARCHS_STANDARD_32_64_BIT)";
				COPY_PHASE_STRIP = NO;
				GCC_DYNAMIC_NO_PIC = NO;
				GCC_ENABLE_OBJC_EXCEPTIONS = YES;
				GCC_VERSION = com.apple.compilers.llvm.clang.1_0;
				PRODUCT_NAME = mt32emu;
				SDKROOT = macosx;
			};
			name = Debug;
		};
		9F8B8B16142B57830077B6F2 /* Release */ = {
			isa = XCBuildConfiguration;
			buildSettings = {
				ALWAYS_SEARCH_USER_PATHS = NO;
				ARCHS = "$(ARCHS_STANDARD_32_64_BIT)";
				COPY_PHASE_STRIP = YES;
				DEBUG_INFORMATION_FORMAT = "dwarf-with-dsym";
				GCC_ENABLE_OBJC_EXCEPTIONS = YES;
				GCC_VERSION = com.apple.compilers.llvm.clang.1_0;
				PRODUCT_NAME = mt32emu;
				SDKROOT = macosx;
			};
			name = Release;
		};
/* End XCBuildConfiguration section */

/* Begin XCConfigurationList section */
		9F41EE26142B585B0029CA47 /* Build configuration list for PBXNativeTarget "Framework" */ = {
			isa = XCConfigurationList;
			buildConfigurations = (
				9F41EE24142B585B0029CA47 /* Debug */,
				9F41EE25142B585B0029CA47 /* Release */,
				9F2E1C57145EAFA90012B207 /* Legacy Release */,
			);
			defaultConfigurationIsVisible = 0;
			defaultConfigurationName = Release;
		};
		9F8B8737142B53030077B6F2 /* Build configuration list for PBXProject "Boxer-MT32Emu" */ = {
			isa = XCConfigurationList;
			buildConfigurations = (
				9F8B8749142B53030077B6F2 /* Debug */,
				9F8B874A142B53030077B6F2 /* Release */,
				9F2E1C55145EAFA90012B207 /* Legacy Release */,
			);
			defaultConfigurationIsVisible = 0;
			defaultConfigurationName = Release;
		};
		9F8B8B17142B57830077B6F2 /* Build configuration list for PBXNativeTarget "Static Library" */ = {
			isa = XCConfigurationList;
			buildConfigurations = (
				9F8B8B15142B57830077B6F2 /* Debug */,
				9F8B8B16142B57830077B6F2 /* Release */,
				9F2E1C56145EAFA90012B207 /* Legacy Release */,
			);
			defaultConfigurationIsVisible = 0;
			defaultConfigurationName = Release;
		};
/* End XCConfigurationList section */
	};
	rootObject = 9F8B8734142B53030077B6F2 /* Project object */;
}
